// !$*UTF8*$!
{
	archiveVersion = 1;
	classes = {
	};
	objectVersion = 50;
	objects = {

/* Begin PBXBuildFile section */
		0EA995D25231214DD0C6A646 /* Pods_GifShow.framework in Frameworks */ = {isa = PBXBuildFile; fileRef = 9592276CDD6ED38792382EF3 /* Pods_GifShow.framework */; };
		554E2DBF21C7D02C005F4E15 /* AppDelegate.swift in Sources */ = {isa = PBXBuildFile; fileRef = 554E2DBE21C7D02C005F4E15 /* AppDelegate.swift */; };
		554E2DC421C7D02C005F4E15 /* Main.storyboard in Resources */ = {isa = PBXBuildFile; fileRef = 554E2DC221C7D02C005F4E15 /* Main.storyboard */; };
		554E2DC621C7D02D005F4E15 /* Assets.xcassets in Resources */ = {isa = PBXBuildFile; fileRef = 554E2DC521C7D02D005F4E15 /* Assets.xcassets */; };
		554E2DC921C7D02D005F4E15 /* LaunchScreen.storyboard in Resources */ = {isa = PBXBuildFile; fileRef = 554E2DC721C7D02D005F4E15 /* LaunchScreen.storyboard */; };
		554E2DD421C7D02E005F4E15 /* GifShowTests.swift in Sources */ = {isa = PBXBuildFile; fileRef = 554E2DD321C7D02E005F4E15 /* GifShowTests.swift */; };
		554E2DDF21C7D02E005F4E15 /* GifShowUITests.swift in Sources */ = {isa = PBXBuildFile; fileRef = 554E2DDE21C7D02E005F4E15 /* GifShowUITests.swift */; };
		554E2DEE21C7D1C7005F4E15 /* HomeCollectionViewController.swift in Sources */ = {isa = PBXBuildFile; fileRef = 554E2DED21C7D1C7005F4E15 /* HomeCollectionViewController.swift */; };
		554E2DF221C7D2E4005F4E15 /* HomeCollectionViewController+CollectionView.swift in Sources */ = {isa = PBXBuildFile; fileRef = 554E2DF121C7D2E4005F4E15 /* HomeCollectionViewController+CollectionView.swift */; };
		554E2DF521C7D66E005F4E15 /* HomeCollectionViewCell.swift in Sources */ = {isa = PBXBuildFile; fileRef = 554E2DF421C7D66E005F4E15 /* HomeCollectionViewCell.swift */; };
		554E2DF921C7DBF1005F4E15 /* JSONModel.swift in Sources */ = {isa = PBXBuildFile; fileRef = 554E2DF821C7DBF1005F4E15 /* JSONModel.swift */; };
		554E2DFB21C7DCCC005F4E15 /* Gif.swift in Sources */ = {isa = PBXBuildFile; fileRef = 554E2DFA21C7DCCC005F4E15 /* Gif.swift */; };
		554E2DFD21C7DE78005F4E15 /* NetworkConstants.swift in Sources */ = {isa = PBXBuildFile; fileRef = 554E2DFC21C7DE78005F4E15 /* NetworkConstants.swift */; };
		554E2E0021C7E0AA005F4E15 /* HomeInteractorProtocol.swift in Sources */ = {isa = PBXBuildFile; fileRef = 554E2DFF21C7E0AA005F4E15 /* HomeInteractorProtocol.swift */; };
		554E2E0221C7E17D005F4E15 /* NetworkService.swift in Sources */ = {isa = PBXBuildFile; fileRef = 554E2E0121C7E17D005F4E15 /* NetworkService.swift */; };
		554E2E0421C7E2B2005F4E15 /* APIEndPoint.swift in Sources */ = {isa = PBXBuildFile; fileRef = 554E2E0321C7E2B2005F4E15 /* APIEndPoint.swift */; };
		554E2E0621C7E536005F4E15 /* Reachability.swift in Sources */ = {isa = PBXBuildFile; fileRef = 554E2E0521C7E536005F4E15 /* Reachability.swift */; };
		554E2E0821C7E6A5005F4E15 /* HomeInteractor.swift in Sources */ = {isa = PBXBuildFile; fileRef = 554E2E0721C7E6A5005F4E15 /* HomeInteractor.swift */; };
		554E2E0B21C7F30A005F4E15 /* NetworkServiceStub.swift in Sources */ = {isa = PBXBuildFile; fileRef = 554E2E0A21C7F30A005F4E15 /* NetworkServiceStub.swift */; };
		554E2E1221C7F46E005F4E15 /* AppBuilder.swift in Sources */ = {isa = PBXBuildFile; fileRef = 554E2E1121C7F46E005F4E15 /* AppBuilder.swift */; };
		554E2E1421C7F511005F4E15 /* HomeBuilder.swift in Sources */ = {isa = PBXBuildFile; fileRef = 554E2E1321C7F511005F4E15 /* HomeBuilder.swift */; };
		554E2E1721C7F965005F4E15 /* HomeViewModelProtocol.swift in Sources */ = {isa = PBXBuildFile; fileRef = 554E2E1621C7F965005F4E15 /* HomeViewModelProtocol.swift */; };
		554E2E1921C7FA2A005F4E15 /* HomeViewModel.swift in Sources */ = {isa = PBXBuildFile; fileRef = 554E2E1821C7FA2A005F4E15 /* HomeViewModel.swift */; };
		554E2E1C21C7FEC7005F4E15 /* UIImageView+CancellableTask.swift in Sources */ = {isa = PBXBuildFile; fileRef = 554E2E1B21C7FEC7005F4E15 /* UIImageView+CancellableTask.swift */; };
		554E2E1E21C7FF40005F4E15 /* UIImageView+GIFAnimatable.swift in Sources */ = {isa = PBXBuildFile; fileRef = 554E2E1D21C7FF40005F4E15 /* UIImageView+GIFAnimatable.swift */; };
		554E2E2121C8016E005F4E15 /* DetailViewController.swift in Sources */ = {isa = PBXBuildFile; fileRef = 554E2E2021C8016E005F4E15 /* DetailViewController.swift */; };
		554E2E2321C802F2005F4E15 /* DetailViewModelProtocol.swift in Sources */ = {isa = PBXBuildFile; fileRef = 554E2E2221C802F2005F4E15 /* DetailViewModelProtocol.swift */; };
		554E2E2521C8038B005F4E15 /* DetailViewModel.swift in Sources */ = {isa = PBXBuildFile; fileRef = 554E2E2421C8038B005F4E15 /* DetailViewModel.swift */; };
		554E2E2721C805FB005F4E15 /* DetailBuilder.swift in Sources */ = {isa = PBXBuildFile; fileRef = 554E2E2621C805FB005F4E15 /* DetailBuilder.swift */; };
		554E2E2A21C80C70005F4E15 /* Gif+Test.swift in Sources */ = {isa = PBXBuildFile; fileRef = 554E2E2921C80C70005F4E15 /* Gif+Test.swift */; };
		554E2E2C21C80CFA005F4E15 /* HomeViewModelTests.swift in Sources */ = {isa = PBXBuildFile; fileRef = 554E2E2B21C80CFA005F4E15 /* HomeViewModelTests.swift */; };
		554E2E2E21C81022005F4E15 /* HomeBuilderTest.swift in Sources */ = {isa = PBXBuildFile; fileRef = 554E2E2D21C81022005F4E15 /* HomeBuilderTest.swift */; };
		554E2E3021C81045005F4E15 /* DetailBuilderTest.swift in Sources */ = {isa = PBXBuildFile; fileRef = 554E2E2F21C81045005F4E15 /* DetailBuilderTest.swift */; };
		554E2E3221C810C6005F4E15 /* HomeCollectionViewControllerTest.swift in Sources */ = {isa = PBXBuildFile; fileRef = 554E2E3121C810C6005F4E15 /* HomeCollectionViewControllerTest.swift */; };
		554E2E3421C81158005F4E15 /* DetailViewControllerTest.swift in Sources */ = {isa = PBXBuildFile; fileRef = 554E2E3321C81158005F4E15 /* DetailViewControllerTest.swift */; };
		554E2E3621C8119E005F4E15 /* HomeInteractorTests.swift in Sources */ = {isa = PBXBuildFile; fileRef = 554E2E3521C8119E005F4E15 /* HomeInteractorTests.swift */; };
		554E2E3821C8129F005F4E15 /* DetailViewModelTests.swift in Sources */ = {isa = PBXBuildFile; fileRef = 554E2E3721C8129F005F4E15 /* DetailViewModelTests.swift */; };
		B8D5761CFE2777776F522900 /* Pods_GifShowUITests.framework in Frameworks */ = {isa = PBXBuildFile; fileRef = 91BF64D7F3B346F4CBD8C0B2 /* Pods_GifShowUITests.framework */; };
		E74363472B0FBDB269CB7187 /* Pods_GifShowTests.framework in Frameworks */ = {isa = PBXBuildFile; fileRef = 7703F26E66C9AA3A2861BE68 /* Pods_GifShowTests.framework */; };
/* End PBXBuildFile section */

/* Begin PBXContainerItemProxy section */
		554E2DD021C7D02E005F4E15 /* PBXContainerItemProxy */ = {
			isa = PBXContainerItemProxy;
			containerPortal = 554E2DB321C7D02C005F4E15 /* Project object */;
			proxyType = 1;
			remoteGlobalIDString = 554E2DBA21C7D02C005F4E15;
			remoteInfo = GifShow;
		};
		554E2DDB21C7D02E005F4E15 /* PBXContainerItemProxy */ = {
			isa = PBXContainerItemProxy;
			containerPortal = 554E2DB321C7D02C005F4E15 /* Project object */;
			proxyType = 1;
			remoteGlobalIDString = 554E2DBA21C7D02C005F4E15;
			remoteInfo = GifShow;
		};
/* End PBXContainerItemProxy section */

/* Begin PBXFileReference section */
		17F7CBDBEEA4682FC6DBCD62 /* Pods-GifShow.debug.xcconfig */ = {isa = PBXFileReference; includeInIndex = 1; lastKnownFileType = text.xcconfig; name = "Pods-GifShow.debug.xcconfig"; path = "Pods/Target Support Files/Pods-GifShow/Pods-GifShow.debug.xcconfig"; sourceTree = "<group>"; };
		1F6649CEC8DE335E0790B780 /* Pods-GifShow.release.xcconfig */ = {isa = PBXFileReference; includeInIndex = 1; lastKnownFileType = text.xcconfig; name = "Pods-GifShow.release.xcconfig"; path = "Pods/Target Support Files/Pods-GifShow/Pods-GifShow.release.xcconfig"; sourceTree = "<group>"; };
		3571115772081477FBE87EA1 /* Pods-GifShowUITests.debug.xcconfig */ = {isa = PBXFileReference; includeInIndex = 1; lastKnownFileType = text.xcconfig; name = "Pods-GifShowUITests.debug.xcconfig"; path = "Pods/Target Support Files/Pods-GifShowUITests/Pods-GifShowUITests.debug.xcconfig"; sourceTree = "<group>"; };
		4FB75732ABAAB6A9E1BFA021 /* Pods-GifShowUITests.release.xcconfig */ = {isa = PBXFileReference; includeInIndex = 1; lastKnownFileType = text.xcconfig; name = "Pods-GifShowUITests.release.xcconfig"; path = "Pods/Target Support Files/Pods-GifShowUITests/Pods-GifShowUITests.release.xcconfig"; sourceTree = "<group>"; };
		5374E4BC22918926AAFBB30A /* Pods-GifShowTests.release.xcconfig */ = {isa = PBXFileReference; includeInIndex = 1; lastKnownFileType = text.xcconfig; name = "Pods-GifShowTests.release.xcconfig"; path = "Pods/Target Support Files/Pods-GifShowTests/Pods-GifShowTests.release.xcconfig"; sourceTree = "<group>"; };
		554E2DBB21C7D02C005F4E15 /* GifShow.app */ = {isa = PBXFileReference; explicitFileType = wrapper.application; includeInIndex = 0; path = GifShow.app; sourceTree = BUILT_PRODUCTS_DIR; };
		554E2DBE21C7D02C005F4E15 /* AppDelegate.swift */ = {isa = PBXFileReference; lastKnownFileType = sourcecode.swift; path = AppDelegate.swift; sourceTree = "<group>"; };
		554E2DC321C7D02C005F4E15 /* Base */ = {isa = PBXFileReference; lastKnownFileType = file.storyboard; name = Base; path = Base.lproj/Main.storyboard; sourceTree = "<group>"; };
		554E2DC521C7D02D005F4E15 /* Assets.xcassets */ = {isa = PBXFileReference; lastKnownFileType = folder.assetcatalog; path = Assets.xcassets; sourceTree = "<group>"; };
		554E2DC821C7D02D005F4E15 /* Base */ = {isa = PBXFileReference; lastKnownFileType = file.storyboard; name = Base; path = Base.lproj/LaunchScreen.storyboard; sourceTree = "<group>"; };
		554E2DCA21C7D02D005F4E15 /* Info.plist */ = {isa = PBXFileReference; lastKnownFileType = text.plist.xml; path = Info.plist; sourceTree = "<group>"; };
		554E2DCF21C7D02E005F4E15 /* GifShowTests.xctest */ = {isa = PBXFileReference; explicitFileType = wrapper.cfbundle; includeInIndex = 0; path = GifShowTests.xctest; sourceTree = BUILT_PRODUCTS_DIR; };
		554E2DD321C7D02E005F4E15 /* GifShowTests.swift */ = {isa = PBXFileReference; lastKnownFileType = sourcecode.swift; path = GifShowTests.swift; sourceTree = "<group>"; };
		554E2DD521C7D02E005F4E15 /* Info.plist */ = {isa = PBXFileReference; lastKnownFileType = text.plist.xml; path = Info.plist; sourceTree = "<group>"; };
		554E2DDA21C7D02E005F4E15 /* GifShowUITests.xctest */ = {isa = PBXFileReference; explicitFileType = wrapper.cfbundle; includeInIndex = 0; path = GifShowUITests.xctest; sourceTree = BUILT_PRODUCTS_DIR; };
		554E2DDE21C7D02E005F4E15 /* GifShowUITests.swift */ = {isa = PBXFileReference; lastKnownFileType = sourcecode.swift; path = GifShowUITests.swift; sourceTree = "<group>"; };
		554E2DE021C7D02E005F4E15 /* Info.plist */ = {isa = PBXFileReference; lastKnownFileType = text.plist.xml; path = Info.plist; sourceTree = "<group>"; };
		554E2DED21C7D1C7005F4E15 /* HomeCollectionViewController.swift */ = {isa = PBXFileReference; lastKnownFileType = sourcecode.swift; path = HomeCollectionViewController.swift; sourceTree = "<group>"; };
		554E2DF121C7D2E4005F4E15 /* HomeCollectionViewController+CollectionView.swift */ = {isa = PBXFileReference; lastKnownFileType = sourcecode.swift; path = "HomeCollectionViewController+CollectionView.swift"; sourceTree = "<group>"; };
		554E2DF421C7D66E005F4E15 /* HomeCollectionViewCell.swift */ = {isa = PBXFileReference; lastKnownFileType = sourcecode.swift; path = HomeCollectionViewCell.swift; sourceTree = "<group>"; };
		554E2DF821C7DBF1005F4E15 /* JSONModel.swift */ = {isa = PBXFileReference; lastKnownFileType = sourcecode.swift; path = JSONModel.swift; sourceTree = "<group>"; };
		554E2DFA21C7DCCC005F4E15 /* Gif.swift */ = {isa = PBXFileReference; lastKnownFileType = sourcecode.swift; path = Gif.swift; sourceTree = "<group>"; };
		554E2DFC21C7DE78005F4E15 /* NetworkConstants.swift */ = {isa = PBXFileReference; lastKnownFileType = sourcecode.swift; path = NetworkConstants.swift; sourceTree = "<group>"; };
		554E2DFF21C7E0AA005F4E15 /* HomeInteractorProtocol.swift */ = {isa = PBXFileReference; lastKnownFileType = sourcecode.swift; path = HomeInteractorProtocol.swift; sourceTree = "<group>"; };
		554E2E0121C7E17D005F4E15 /* NetworkService.swift */ = {isa = PBXFileReference; lastKnownFileType = sourcecode.swift; path = NetworkService.swift; sourceTree = "<group>"; };
		554E2E0321C7E2B2005F4E15 /* APIEndPoint.swift */ = {isa = PBXFileReference; lastKnownFileType = sourcecode.swift; path = APIEndPoint.swift; sourceTree = "<group>"; };
		554E2E0521C7E536005F4E15 /* Reachability.swift */ = {isa = PBXFileReference; lastKnownFileType = sourcecode.swift; path = Reachability.swift; sourceTree = "<group>"; };
		554E2E0721C7E6A5005F4E15 /* HomeInteractor.swift */ = {isa = PBXFileReference; lastKnownFileType = sourcecode.swift; path = HomeInteractor.swift; sourceTree = "<group>"; };
		554E2E0A21C7F30A005F4E15 /* NetworkServiceStub.swift */ = {isa = PBXFileReference; lastKnownFileType = sourcecode.swift; path = NetworkServiceStub.swift; sourceTree = "<group>"; };
		554E2E1121C7F46E005F4E15 /* AppBuilder.swift */ = {isa = PBXFileReference; lastKnownFileType = sourcecode.swift; path = AppBuilder.swift; sourceTree = "<group>"; };
		554E2E1321C7F511005F4E15 /* HomeBuilder.swift */ = {isa = PBXFileReference; lastKnownFileType = sourcecode.swift; path = HomeBuilder.swift; sourceTree = "<group>"; };
		554E2E1621C7F965005F4E15 /* HomeViewModelProtocol.swift */ = {isa = PBXFileReference; lastKnownFileType = sourcecode.swift; path = HomeViewModelProtocol.swift; sourceTree = "<group>"; };
		554E2E1821C7FA2A005F4E15 /* HomeViewModel.swift */ = {isa = PBXFileReference; lastKnownFileType = sourcecode.swift; path = HomeViewModel.swift; sourceTree = "<group>"; };
		554E2E1B21C7FEC7005F4E15 /* UIImageView+CancellableTask.swift */ = {isa = PBXFileReference; lastKnownFileType = sourcecode.swift; path = "UIImageView+CancellableTask.swift"; sourceTree = "<group>"; };
		554E2E1D21C7FF40005F4E15 /* UIImageView+GIFAnimatable.swift */ = {isa = PBXFileReference; lastKnownFileType = sourcecode.swift; path = "UIImageView+GIFAnimatable.swift"; sourceTree = "<group>"; };
		554E2E2021C8016E005F4E15 /* DetailViewController.swift */ = {isa = PBXFileReference; lastKnownFileType = sourcecode.swift; path = DetailViewController.swift; sourceTree = "<group>"; };
		554E2E2221C802F2005F4E15 /* DetailViewModelProtocol.swift */ = {isa = PBXFileReference; lastKnownFileType = sourcecode.swift; path = DetailViewModelProtocol.swift; sourceTree = "<group>"; };
		554E2E2421C8038B005F4E15 /* DetailViewModel.swift */ = {isa = PBXFileReference; lastKnownFileType = sourcecode.swift; path = DetailViewModel.swift; sourceTree = "<group>"; };
		554E2E2621C805FB005F4E15 /* DetailBuilder.swift */ = {isa = PBXFileReference; lastKnownFileType = sourcecode.swift; path = DetailBuilder.swift; sourceTree = "<group>"; };
		554E2E2921C80C70005F4E15 /* Gif+Test.swift */ = {isa = PBXFileReference; lastKnownFileType = sourcecode.swift; path = "Gif+Test.swift"; sourceTree = "<group>"; };
		554E2E2B21C80CFA005F4E15 /* HomeViewModelTests.swift */ = {isa = PBXFileReference; lastKnownFileType = sourcecode.swift; path = HomeViewModelTests.swift; sourceTree = "<group>"; };
		554E2E2D21C81022005F4E15 /* HomeBuilderTest.swift */ = {isa = PBXFileReference; lastKnownFileType = sourcecode.swift; path = HomeBuilderTest.swift; sourceTree = "<group>"; };
		554E2E2F21C81045005F4E15 /* DetailBuilderTest.swift */ = {isa = PBXFileReference; lastKnownFileType = sourcecode.swift; path = DetailBuilderTest.swift; sourceTree = "<group>"; };
		554E2E3121C810C6005F4E15 /* HomeCollectionViewControllerTest.swift */ = {isa = PBXFileReference; lastKnownFileType = sourcecode.swift; path = HomeCollectionViewControllerTest.swift; sourceTree = "<group>"; };
		554E2E3321C81158005F4E15 /* DetailViewControllerTest.swift */ = {isa = PBXFileReference; lastKnownFileType = sourcecode.swift; path = DetailViewControllerTest.swift; sourceTree = "<group>"; };
		554E2E3521C8119E005F4E15 /* HomeInteractorTests.swift */ = {isa = PBXFileReference; lastKnownFileType = sourcecode.swift; path = HomeInteractorTests.swift; sourceTree = "<group>"; };
		554E2E3721C8129F005F4E15 /* DetailViewModelTests.swift */ = {isa = PBXFileReference; lastKnownFileType = sourcecode.swift; path = DetailViewModelTests.swift; sourceTree = "<group>"; };
		7703F26E66C9AA3A2861BE68 /* Pods_GifShowTests.framework */ = {isa = PBXFileReference; explicitFileType = wrapper.framework; includeInIndex = 0; path = Pods_GifShowTests.framework; sourceTree = BUILT_PRODUCTS_DIR; };
		91BF64D7F3B346F4CBD8C0B2 /* Pods_GifShowUITests.framework */ = {isa = PBXFileReference; explicitFileType = wrapper.framework; includeInIndex = 0; path = Pods_GifShowUITests.framework; sourceTree = BUILT_PRODUCTS_DIR; };
		9592276CDD6ED38792382EF3 /* Pods_GifShow.framework */ = {isa = PBXFileReference; explicitFileType = wrapper.framework; includeInIndex = 0; path = Pods_GifShow.framework; sourceTree = BUILT_PRODUCTS_DIR; };
		EE08087CD97E1F95AB26DDBA /* Pods-GifShowTests.debug.xcconfig */ = {isa = PBXFileReference; includeInIndex = 1; lastKnownFileType = text.xcconfig; name = "Pods-GifShowTests.debug.xcconfig"; path = "Pods/Target Support Files/Pods-GifShowTests/Pods-GifShowTests.debug.xcconfig"; sourceTree = "<group>"; };
/* End PBXFileReference section */

/* Begin PBXFrameworksBuildPhase section */
		554E2DB821C7D02C005F4E15 /* Frameworks */ = {
			isa = PBXFrameworksBuildPhase;
			buildActionMask = 2147483647;
			files = (
				0EA995D25231214DD0C6A646 /* Pods_GifShow.framework in Frameworks */,
			);
			runOnlyForDeploymentPostprocessing = 0;
		};
		554E2DCC21C7D02E005F4E15 /* Frameworks */ = {
			isa = PBXFrameworksBuildPhase;
			buildActionMask = 2147483647;
			files = (
				E74363472B0FBDB269CB7187 /* Pods_GifShowTests.framework in Frameworks */,
			);
			runOnlyForDeploymentPostprocessing = 0;
		};
		554E2DD721C7D02E005F4E15 /* Frameworks */ = {
			isa = PBXFrameworksBuildPhase;
			buildActionMask = 2147483647;
			files = (
				B8D5761CFE2777776F522900 /* Pods_GifShowUITests.framework in Frameworks */,
			);
			runOnlyForDeploymentPostprocessing = 0;
		};
/* End PBXFrameworksBuildPhase section */

/* Begin PBXGroup section */
		554E2DB221C7D02C005F4E15 = {
			isa = PBXGroup;
			children = (
				554E2DBD21C7D02C005F4E15 /* GifShow */,
				554E2DD221C7D02E005F4E15 /* GifShowTests */,
				554E2DDD21C7D02E005F4E15 /* GifShowUITests */,
				554E2DBC21C7D02C005F4E15 /* Products */,
				E59B6C0A9883A4DB1AB5A241 /* Pods */,
				BBA8B01FC8C2DEF87D477D01 /* Frameworks */,
			);
			sourceTree = "<group>";
		};
		554E2DBC21C7D02C005F4E15 /* Products */ = {
			isa = PBXGroup;
			children = (
				554E2DBB21C7D02C005F4E15 /* GifShow.app */,
				554E2DCF21C7D02E005F4E15 /* GifShowTests.xctest */,
				554E2DDA21C7D02E005F4E15 /* GifShowUITests.xctest */,
			);
			name = Products;
			sourceTree = "<group>";
		};
		554E2DBD21C7D02C005F4E15 /* GifShow */ = {
			isa = PBXGroup;
			children = (
				554E2E1A21C7FE9E005F4E15 /* Extensions */,
				554E2E1521C7F917005F4E15 /* ViewModel */,
				554E2E0921C7E999005F4E15 /* Builder */,
				554E2DFE21C7DFC0005F4E15 /* Interactor */,
				554E2DF721C7DBC0005F4E15 /* Model */,
				554E2DF621C7DBA5005F4E15 /* Network */,
				554E2DEC21C7D185005F4E15 /* UI */,
				554E2DBE21C7D02C005F4E15 /* AppDelegate.swift */,
				554E2DC221C7D02C005F4E15 /* Main.storyboard */,
				554E2DC521C7D02D005F4E15 /* Assets.xcassets */,
				554E2DC721C7D02D005F4E15 /* LaunchScreen.storyboard */,
				554E2DCA21C7D02D005F4E15 /* Info.plist */,
			);
			path = GifShow;
			sourceTree = "<group>";
		};
		554E2DD221C7D02E005F4E15 /* GifShowTests */ = {
			isa = PBXGroup;
			children = (
				554E2E2821C80C46005F4E15 /* Stub */,
				554E2E1021C7F35F005F4E15 /* Model */,
				554E2E0F21C7F358005F4E15 /* ViewModel */,
				554E2E0E21C7F34C005F4E15 /* Interactor */,
				554E2E0D21C7F326005F4E15 /* Controller */,
				554E2E0C21C7F310005F4E15 /* Builder */,
				554E2DD321C7D02E005F4E15 /* GifShowTests.swift */,
				554E2DD521C7D02E005F4E15 /* Info.plist */,
			);
			path = GifShowTests;
			sourceTree = "<group>";
		};
		554E2DDD21C7D02E005F4E15 /* GifShowUITests */ = {
			isa = PBXGroup;
			children = (
				554E2DDE21C7D02E005F4E15 /* GifShowUITests.swift */,
				554E2DE021C7D02E005F4E15 /* Info.plist */,
			);
			path = GifShowUITests;
			sourceTree = "<group>";
		};
		554E2DEC21C7D185005F4E15 /* UI */ = {
			isa = PBXGroup;
			children = (
				554E2E1F21C8010D005F4E15 /* Detail */,
				554E2DF021C7D2B2005F4E15 /* Home */,
			);
			path = UI;
			sourceTree = "<group>";
		};
		554E2DF021C7D2B2005F4E15 /* Home */ = {
			isa = PBXGroup;
			children = (
				554E2DED21C7D1C7005F4E15 /* HomeCollectionViewController.swift */,
				554E2DF121C7D2E4005F4E15 /* HomeCollectionViewController+CollectionView.swift */,
				554E2DF421C7D66E005F4E15 /* HomeCollectionViewCell.swift */,
			);
			path = Home;
			sourceTree = "<group>";
		};
		554E2DF621C7DBA5005F4E15 /* Network */ = {
			isa = PBXGroup;
			children = (
				554E2DFC21C7DE78005F4E15 /* NetworkConstants.swift */,
				554E2E0121C7E17D005F4E15 /* NetworkService.swift */,
				554E2E0321C7E2B2005F4E15 /* APIEndPoint.swift */,
				554E2E0521C7E536005F4E15 /* Reachability.swift */,
			);
			path = Network;
			sourceTree = "<group>";
		};
		554E2DF721C7DBC0005F4E15 /* Model */ = {
			isa = PBXGroup;
			children = (
				554E2DF821C7DBF1005F4E15 /* JSONModel.swift */,
				554E2DFA21C7DCCC005F4E15 /* Gif.swift */,
			);
			path = Model;
			sourceTree = "<group>";
		};
		554E2DFE21C7DFC0005F4E15 /* Interactor */ = {
			isa = PBXGroup;
			children = (
				554E2DFF21C7E0AA005F4E15 /* HomeInteractorProtocol.swift */,
				554E2E0721C7E6A5005F4E15 /* HomeInteractor.swift */,
			);
			path = Interactor;
			sourceTree = "<group>";
		};
		554E2E0921C7E999005F4E15 /* Builder */ = {
			isa = PBXGroup;
			children = (
				554E2E1121C7F46E005F4E15 /* AppBuilder.swift */,
				554E2E1321C7F511005F4E15 /* HomeBuilder.swift */,
				554E2E2621C805FB005F4E15 /* DetailBuilder.swift */,
			);
			path = Builder;
			sourceTree = "<group>";
		};
		554E2E0C21C7F310005F4E15 /* Builder */ = {
			isa = PBXGroup;
			children = (
				554E2E2D21C81022005F4E15 /* HomeBuilderTest.swift */,
				554E2E2F21C81045005F4E15 /* DetailBuilderTest.swift */,
			);
			path = Builder;
			sourceTree = "<group>";
		};
		554E2E0D21C7F326005F4E15 /* Controller */ = {
			isa = PBXGroup;
			children = (
				554E2E3121C810C6005F4E15 /* HomeCollectionViewControllerTest.swift */,
				554E2E3321C81158005F4E15 /* DetailViewControllerTest.swift */,
			);
			path = Controller;
			sourceTree = "<group>";
		};
		554E2E0E21C7F34C005F4E15 /* Interactor */ = {
			isa = PBXGroup;
			children = (
				554E2E3521C8119E005F4E15 /* HomeInteractorTests.swift */,
			);
			path = Interactor;
			sourceTree = "<group>";
		};
		554E2E0F21C7F358005F4E15 /* ViewModel */ = {
			isa = PBXGroup;
			children = (
				554E2E2B21C80CFA005F4E15 /* HomeViewModelTests.swift */,
				554E2E3721C8129F005F4E15 /* DetailViewModelTests.swift */,
			);
			path = ViewModel;
			sourceTree = "<group>";
		};
		554E2E1021C7F35F005F4E15 /* Model */ = {
			isa = PBXGroup;
			children = (
				554E2E2921C80C70005F4E15 /* Gif+Test.swift */,
			);
			path = Model;
			sourceTree = "<group>";
		};
		554E2E1521C7F917005F4E15 /* ViewModel */ = {
			isa = PBXGroup;
			children = (
				554E2E1621C7F965005F4E15 /* HomeViewModelProtocol.swift */,
				554E2E1821C7FA2A005F4E15 /* HomeViewModel.swift */,
				554E2E2221C802F2005F4E15 /* DetailViewModelProtocol.swift */,
				554E2E2421C8038B005F4E15 /* DetailViewModel.swift */,
			);
			path = ViewModel;
			sourceTree = "<group>";
		};
		554E2E1A21C7FE9E005F4E15 /* Extensions */ = {
			isa = PBXGroup;
			children = (
				554E2E1B21C7FEC7005F4E15 /* UIImageView+CancellableTask.swift */,
				554E2E1D21C7FF40005F4E15 /* UIImageView+GIFAnimatable.swift */,
			);
			path = Extensions;
			sourceTree = "<group>";
		};
		554E2E1F21C8010D005F4E15 /* Detail */ = {
			isa = PBXGroup;
			children = (
				554E2E2021C8016E005F4E15 /* DetailViewController.swift */,
			);
			path = Detail;
			sourceTree = "<group>";
		};
		554E2E2821C80C46005F4E15 /* Stub */ = {
			isa = PBXGroup;
			children = (
				554E2E0A21C7F30A005F4E15 /* NetworkServiceStub.swift */,
			);
			path = Stub;
			sourceTree = "<group>";
		};
		BBA8B01FC8C2DEF87D477D01 /* Frameworks */ = {
			isa = PBXGroup;
			children = (
				9592276CDD6ED38792382EF3 /* Pods_GifShow.framework */,
				7703F26E66C9AA3A2861BE68 /* Pods_GifShowTests.framework */,
				91BF64D7F3B346F4CBD8C0B2 /* Pods_GifShowUITests.framework */,
			);
			name = Frameworks;
			sourceTree = "<group>";
		};
		E59B6C0A9883A4DB1AB5A241 /* Pods */ = {
			isa = PBXGroup;
			children = (
				17F7CBDBEEA4682FC6DBCD62 /* Pods-GifShow.debug.xcconfig */,
				1F6649CEC8DE335E0790B780 /* Pods-GifShow.release.xcconfig */,
				EE08087CD97E1F95AB26DDBA /* Pods-GifShowTests.debug.xcconfig */,
				5374E4BC22918926AAFBB30A /* Pods-GifShowTests.release.xcconfig */,
				3571115772081477FBE87EA1 /* Pods-GifShowUITests.debug.xcconfig */,
				4FB75732ABAAB6A9E1BFA021 /* Pods-GifShowUITests.release.xcconfig */,
			);
			name = Pods;
			sourceTree = "<group>";
		};
/* End PBXGroup section */

/* Begin PBXNativeTarget section */
		554E2DBA21C7D02C005F4E15 /* GifShow */ = {
			isa = PBXNativeTarget;
			buildConfigurationList = 554E2DE321C7D02E005F4E15 /* Build configuration list for PBXNativeTarget "GifShow" */;
			buildPhases = (
				56DFB22D53D533768BC89647 /* [CP] Check Pods Manifest.lock */,
				554E2DB721C7D02C005F4E15 /* Sources */,
				554E2DB821C7D02C005F4E15 /* Frameworks */,
				554E2DB921C7D02C005F4E15 /* Resources */,
				246353B2D725B6A98995537A /* [CP] Embed Pods Frameworks */,
			);
			buildRules = (
			);
			dependencies = (
			);
			name = GifShow;
			productName = GifShow;
			productReference = 554E2DBB21C7D02C005F4E15 /* GifShow.app */;
			productType = "com.apple.product-type.application";
		};
		554E2DCE21C7D02E005F4E15 /* GifShowTests */ = {
			isa = PBXNativeTarget;
			buildConfigurationList = 554E2DE621C7D02E005F4E15 /* Build configuration list for PBXNativeTarget "GifShowTests" */;
			buildPhases = (
				E39E62AFD006E670D0CC7B11 /* [CP] Check Pods Manifest.lock */,
				554E2DCB21C7D02E005F4E15 /* Sources */,
				554E2DCC21C7D02E005F4E15 /* Frameworks */,
				554E2DCD21C7D02E005F4E15 /* Resources */,
				B02608D99991EF85ED427C0D /* [CP] Embed Pods Frameworks */,
			);
			buildRules = (
			);
			dependencies = (
				554E2DD121C7D02E005F4E15 /* PBXTargetDependency */,
			);
			name = GifShowTests;
			productName = GifShowTests;
			productReference = 554E2DCF21C7D02E005F4E15 /* GifShowTests.xctest */;
			productType = "com.apple.product-type.bundle.unit-test";
		};
		554E2DD921C7D02E005F4E15 /* GifShowUITests */ = {
			isa = PBXNativeTarget;
			buildConfigurationList = 554E2DE921C7D02E005F4E15 /* Build configuration list for PBXNativeTarget "GifShowUITests" */;
			buildPhases = (
				67014C4EB96890A6522FCF5A /* [CP] Check Pods Manifest.lock */,
				554E2DD621C7D02E005F4E15 /* Sources */,
				554E2DD721C7D02E005F4E15 /* Frameworks */,
				554E2DD821C7D02E005F4E15 /* Resources */,
			);
			buildRules = (
			);
			dependencies = (
				554E2DDC21C7D02E005F4E15 /* PBXTargetDependency */,
			);
			name = GifShowUITests;
			productName = GifShowUITests;
			productReference = 554E2DDA21C7D02E005F4E15 /* GifShowUITests.xctest */;
			productType = "com.apple.product-type.bundle.ui-testing";
		};
/* End PBXNativeTarget section */

/* Begin PBXProject section */
		554E2DB321C7D02C005F4E15 /* Project object */ = {
			isa = PBXProject;
			attributes = {
				LastSwiftUpdateCheck = 1000;
				LastUpgradeCheck = 1000;
				ORGANIZATIONNAME = "Julio Cezar Freitas de Abreu";
				TargetAttributes = {
					554E2DBA21C7D02C005F4E15 = {
						CreatedOnToolsVersion = 10.0;
					};
					554E2DCE21C7D02E005F4E15 = {
						CreatedOnToolsVersion = 10.0;
						TestTargetID = 554E2DBA21C7D02C005F4E15;
					};
					554E2DD921C7D02E005F4E15 = {
						CreatedOnToolsVersion = 10.0;
						TestTargetID = 554E2DBA21C7D02C005F4E15;
					};
				};
			};
			buildConfigurationList = 554E2DB621C7D02C005F4E15 /* Build configuration list for PBXProject "GifShow" */;
			compatibilityVersion = "Xcode 9.3";
			developmentRegion = en;
			hasScannedForEncodings = 0;
			knownRegions = (
				en,
				Base,
			);
			mainGroup = 554E2DB221C7D02C005F4E15;
			productRefGroup = 554E2DBC21C7D02C005F4E15 /* Products */;
			projectDirPath = "";
			projectRoot = "";
			targets = (
				554E2DBA21C7D02C005F4E15 /* GifShow */,
				554E2DCE21C7D02E005F4E15 /* GifShowTests */,
				554E2DD921C7D02E005F4E15 /* GifShowUITests */,
			);
		};
/* End PBXProject section */

/* Begin PBXResourcesBuildPhase section */
		554E2DB921C7D02C005F4E15 /* Resources */ = {
			isa = PBXResourcesBuildPhase;
			buildActionMask = 2147483647;
			files = (
				554E2DC921C7D02D005F4E15 /* LaunchScreen.storyboard in Resources */,
				554E2DC621C7D02D005F4E15 /* Assets.xcassets in Resources */,
				554E2DC421C7D02C005F4E15 /* Main.storyboard in Resources */,
			);
			runOnlyForDeploymentPostprocessing = 0;
		};
		554E2DCD21C7D02E005F4E15 /* Resources */ = {
			isa = PBXResourcesBuildPhase;
			buildActionMask = 2147483647;
			files = (
			);
			runOnlyForDeploymentPostprocessing = 0;
		};
		554E2DD821C7D02E005F4E15 /* Resources */ = {
			isa = PBXResourcesBuildPhase;
			buildActionMask = 2147483647;
			files = (
			);
			runOnlyForDeploymentPostprocessing = 0;
		};
/* End PBXResourcesBuildPhase section */

/* Begin PBXShellScriptBuildPhase section */
		246353B2D725B6A98995537A /* [CP] Embed Pods Frameworks */ = {
			isa = PBXShellScriptBuildPhase;
			buildActionMask = 2147483647;
			files = (
			);
			inputPaths = (
				"${SRCROOT}/Pods/Target Support Files/Pods-GifShow/Pods-GifShow-frameworks.sh",
				"${BUILT_PRODUCTS_DIR}/Alamofire/Alamofire.framework",
				"${BUILT_PRODUCTS_DIR}/Gifu/Gifu.framework",
				"${BUILT_PRODUCTS_DIR}/RxAtomic/RxAtomic.framework",
				"${BUILT_PRODUCTS_DIR}/RxCocoa/RxCocoa.framework",
				"${BUILT_PRODUCTS_DIR}/RxSwift/RxSwift.framework",
				"${BUILT_PRODUCTS_DIR}/SwiftyJSON/SwiftyJSON.framework",
			);
			name = "[CP] Embed Pods Frameworks";
			outputPaths = (
				"${TARGET_BUILD_DIR}/${FRAMEWORKS_FOLDER_PATH}/Alamofire.framework",
				"${TARGET_BUILD_DIR}/${FRAMEWORKS_FOLDER_PATH}/Gifu.framework",
				"${TARGET_BUILD_DIR}/${FRAMEWORKS_FOLDER_PATH}/RxAtomic.framework",
				"${TARGET_BUILD_DIR}/${FRAMEWORKS_FOLDER_PATH}/RxCocoa.framework",
				"${TARGET_BUILD_DIR}/${FRAMEWORKS_FOLDER_PATH}/RxSwift.framework",
				"${TARGET_BUILD_DIR}/${FRAMEWORKS_FOLDER_PATH}/SwiftyJSON.framework",
			);
			runOnlyForDeploymentPostprocessing = 0;
			shellPath = /bin/sh;
			shellScript = "\"${SRCROOT}/Pods/Target Support Files/Pods-GifShow/Pods-GifShow-frameworks.sh\"\n";
			showEnvVarsInLog = 0;
		};
		56DFB22D53D533768BC89647 /* [CP] Check Pods Manifest.lock */ = {
			isa = PBXShellScriptBuildPhase;
			buildActionMask = 2147483647;
			files = (
			);
			inputPaths = (
				"${PODS_PODFILE_DIR_PATH}/Podfile.lock",
				"${PODS_ROOT}/Manifest.lock",
			);
			name = "[CP] Check Pods Manifest.lock";
			outputPaths = (
				"$(DERIVED_FILE_DIR)/Pods-GifShow-checkManifestLockResult.txt",
			);
			runOnlyForDeploymentPostprocessing = 0;
			shellPath = /bin/sh;
			shellScript = "diff \"${PODS_PODFILE_DIR_PATH}/Podfile.lock\" \"${PODS_ROOT}/Manifest.lock\" > /dev/null\nif [ $? != 0 ] ; then\n    # print error to STDERR\n    echo \"error: The sandbox is not in sync with the Podfile.lock. Run 'pod install' or update your CocoaPods installation.\" >&2\n    exit 1\nfi\n# This output is used by Xcode 'outputs' to avoid re-running this script phase.\necho \"SUCCESS\" > \"${SCRIPT_OUTPUT_FILE_0}\"\n";
			showEnvVarsInLog = 0;
		};
		67014C4EB96890A6522FCF5A /* [CP] Check Pods Manifest.lock */ = {
			isa = PBXShellScriptBuildPhase;
			buildActionMask = 2147483647;
			files = (
			);
			inputPaths = (
				"${PODS_PODFILE_DIR_PATH}/Podfile.lock",
				"${PODS_ROOT}/Manifest.lock",
			);
			name = "[CP] Check Pods Manifest.lock";
			outputPaths = (
				"$(DERIVED_FILE_DIR)/Pods-GifShowUITests-checkManifestLockResult.txt",
			);
			runOnlyForDeploymentPostprocessing = 0;
			shellPath = /bin/sh;
			shellScript = "diff \"${PODS_PODFILE_DIR_PATH}/Podfile.lock\" \"${PODS_ROOT}/Manifest.lock\" > /dev/null\nif [ $? != 0 ] ; then\n    # print error to STDERR\n    echo \"error: The sandbox is not in sync with the Podfile.lock. Run 'pod install' or update your CocoaPods installation.\" >&2\n    exit 1\nfi\n# This output is used by Xcode 'outputs' to avoid re-running this script phase.\necho \"SUCCESS\" > \"${SCRIPT_OUTPUT_FILE_0}\"\n";
			showEnvVarsInLog = 0;
		};
		B02608D99991EF85ED427C0D /* [CP] Embed Pods Frameworks */ = {
			isa = PBXShellScriptBuildPhase;
			buildActionMask = 2147483647;
			files = (
			);
			inputPaths = (
				"${SRCROOT}/Pods/Target Support Files/Pods-GifShowTests/Pods-GifShowTests-frameworks.sh",
				"${BUILT_PRODUCTS_DIR}/RxAtomic/RxAtomic.framework",
				"${BUILT_PRODUCTS_DIR}/RxSwift/RxSwift.framework",
				"${BUILT_PRODUCTS_DIR}/RxBlocking/RxBlocking.framework",
				"${BUILT_PRODUCTS_DIR}/RxTest/RxTest.framework",
			);
			name = "[CP] Embed Pods Frameworks";
			outputPaths = (
				"${TARGET_BUILD_DIR}/${FRAMEWORKS_FOLDER_PATH}/RxAtomic.framework",
				"${TARGET_BUILD_DIR}/${FRAMEWORKS_FOLDER_PATH}/RxSwift.framework",
				"${TARGET_BUILD_DIR}/${FRAMEWORKS_FOLDER_PATH}/RxBlocking.framework",
				"${TARGET_BUILD_DIR}/${FRAMEWORKS_FOLDER_PATH}/RxTest.framework",
			);
			runOnlyForDeploymentPostprocessing = 0;
			shellPath = /bin/sh;
			shellScript = "\"${SRCROOT}/Pods/Target Support Files/Pods-GifShowTests/Pods-GifShowTests-frameworks.sh\"\n";
			showEnvVarsInLog = 0;
		};
		E39E62AFD006E670D0CC7B11 /* [CP] Check Pods Manifest.lock */ = {
			isa = PBXShellScriptBuildPhase;
			buildActionMask = 2147483647;
			files = (
			);
			inputPaths = (
				"${PODS_PODFILE_DIR_PATH}/Podfile.lock",
				"${PODS_ROOT}/Manifest.lock",
			);
			name = "[CP] Check Pods Manifest.lock";
			outputPaths = (
				"$(DERIVED_FILE_DIR)/Pods-GifShowTests-checkManifestLockResult.txt",
			);
			runOnlyForDeploymentPostprocessing = 0;
			shellPath = /bin/sh;
			shellScript = "diff \"${PODS_PODFILE_DIR_PATH}/Podfile.lock\" \"${PODS_ROOT}/Manifest.lock\" > /dev/null\nif [ $? != 0 ] ; then\n    # print error to STDERR\n    echo \"error: The sandbox is not in sync with the Podfile.lock. Run 'pod install' or update your CocoaPods installation.\" >&2\n    exit 1\nfi\n# This output is used by Xcode 'outputs' to avoid re-running this script phase.\necho \"SUCCESS\" > \"${SCRIPT_OUTPUT_FILE_0}\"\n";
			showEnvVarsInLog = 0;
		};
/* End PBXShellScriptBuildPhase section */

/* Begin PBXSourcesBuildPhase section */
		554E2DB721C7D02C005F4E15 /* Sources */ = {
			isa = PBXSourcesBuildPhase;
			buildActionMask = 2147483647;
			files = (
				554E2E2721C805FB005F4E15 /* DetailBuilder.swift in Sources */,
				554E2E1721C7F965005F4E15 /* HomeViewModelProtocol.swift in Sources */,
				554E2E1E21C7FF40005F4E15 /* UIImageView+GIFAnimatable.swift in Sources */,
				554E2DFD21C7DE78005F4E15 /* NetworkConstants.swift in Sources */,
				554E2E0421C7E2B2005F4E15 /* APIEndPoint.swift in Sources */,
				554E2E1C21C7FEC7005F4E15 /* UIImageView+CancellableTask.swift in Sources */,
				554E2E2321C802F2005F4E15 /* DetailViewModelProtocol.swift in Sources */,
				554E2E1921C7FA2A005F4E15 /* HomeViewModel.swift in Sources */,
				554E2DF921C7DBF1005F4E15 /* JSONModel.swift in Sources */,
				554E2E0821C7E6A5005F4E15 /* HomeInteractor.swift in Sources */,
				554E2DF221C7D2E4005F4E15 /* HomeCollectionViewController+CollectionView.swift in Sources */,
				554E2DFB21C7DCCC005F4E15 /* Gif.swift in Sources */,
				554E2E2121C8016E005F4E15 /* DetailViewController.swift in Sources */,
				554E2E0221C7E17D005F4E15 /* NetworkService.swift in Sources */,
				554E2E1221C7F46E005F4E15 /* AppBuilder.swift in Sources */,
				554E2DBF21C7D02C005F4E15 /* AppDelegate.swift in Sources */,
				554E2E0621C7E536005F4E15 /* Reachability.swift in Sources */,
				554E2E2521C8038B005F4E15 /* DetailViewModel.swift in Sources */,
				554E2E1421C7F511005F4E15 /* HomeBuilder.swift in Sources */,
				554E2E0021C7E0AA005F4E15 /* HomeInteractorProtocol.swift in Sources */,
				554E2DEE21C7D1C7005F4E15 /* HomeCollectionViewController.swift in Sources */,
				554E2DF521C7D66E005F4E15 /* HomeCollectionViewCell.swift in Sources */,
			);
			runOnlyForDeploymentPostprocessing = 0;
		};
		554E2DCB21C7D02E005F4E15 /* Sources */ = {
			isa = PBXSourcesBuildPhase;
			buildActionMask = 2147483647;
			files = (
				554E2E3221C810C6005F4E15 /* HomeCollectionViewControllerTest.swift in Sources */,
				554E2E3821C8129F005F4E15 /* DetailViewModelTests.swift in Sources */,
				554E2E3021C81045005F4E15 /* DetailBuilderTest.swift in Sources */,
				554E2E2E21C81022005F4E15 /* HomeBuilderTest.swift in Sources */,
				554E2E3621C8119E005F4E15 /* HomeInteractorTests.swift in Sources */,
				554E2E3421C81158005F4E15 /* DetailViewControllerTest.swift in Sources */,
				554E2E2C21C80CFA005F4E15 /* HomeViewModelTests.swift in Sources */,
				554E2E0B21C7F30A005F4E15 /* NetworkServiceStub.swift in Sources */,
				554E2E2A21C80C70005F4E15 /* Gif+Test.swift in Sources */,
				554E2DD421C7D02E005F4E15 /* GifShowTests.swift in Sources */,
			);
			runOnlyForDeploymentPostprocessing = 0;
		};
		554E2DD621C7D02E005F4E15 /* Sources */ = {
			isa = PBXSourcesBuildPhase;
			buildActionMask = 2147483647;
			files = (
				554E2DDF21C7D02E005F4E15 /* GifShowUITests.swift in Sources */,
			);
			runOnlyForDeploymentPostprocessing = 0;
		};
/* End PBXSourcesBuildPhase section */

/* Begin PBXTargetDependency section */
		554E2DD121C7D02E005F4E15 /* PBXTargetDependency */ = {
			isa = PBXTargetDependency;
			target = 554E2DBA21C7D02C005F4E15 /* GifShow */;
			targetProxy = 554E2DD021C7D02E005F4E15 /* PBXContainerItemProxy */;
		};
		554E2DDC21C7D02E005F4E15 /* PBXTargetDependency */ = {
			isa = PBXTargetDependency;
			target = 554E2DBA21C7D02C005F4E15 /* GifShow */;
			targetProxy = 554E2DDB21C7D02E005F4E15 /* PBXContainerItemProxy */;
		};
/* End PBXTargetDependency section */

/* Begin PBXVariantGroup section */
		554E2DC221C7D02C005F4E15 /* Main.storyboard */ = {
			isa = PBXVariantGroup;
			children = (
				554E2DC321C7D02C005F4E15 /* Base */,
			);
			name = Main.storyboard;
			sourceTree = "<group>";
		};
		554E2DC721C7D02D005F4E15 /* LaunchScreen.storyboard */ = {
			isa = PBXVariantGroup;
			children = (
				554E2DC821C7D02D005F4E15 /* Base */,
			);
			name = LaunchScreen.storyboard;
			sourceTree = "<group>";
		};
/* End PBXVariantGroup section */

/* Begin XCBuildConfiguration section */
		554E2DE121C7D02E005F4E15 /* Debug */ = {
			isa = XCBuildConfiguration;
			buildSettings = {
				ALWAYS_SEARCH_USER_PATHS = NO;
				CLANG_ANALYZER_NONNULL = YES;
				CLANG_ANALYZER_NUMBER_OBJECT_CONVERSION = YES_AGGRESSIVE;
				CLANG_CXX_LANGUAGE_STANDARD = "gnu++14";
				CLANG_CXX_LIBRARY = "libc++";
				CLANG_ENABLE_MODULES = YES;
				CLANG_ENABLE_OBJC_ARC = YES;
				CLANG_ENABLE_OBJC_WEAK = YES;
				CLANG_WARN_BLOCK_CAPTURE_AUTORELEASING = YES;
				CLANG_WARN_BOOL_CONVERSION = YES;
				CLANG_WARN_COMMA = YES;
				CLANG_WARN_CONSTANT_CONVERSION = YES;
				CLANG_WARN_DEPRECATED_OBJC_IMPLEMENTATIONS = YES;
				CLANG_WARN_DIRECT_OBJC_ISA_USAGE = YES_ERROR;
				CLANG_WARN_DOCUMENTATION_COMMENTS = YES;
				CLANG_WARN_EMPTY_BODY = YES;
				CLANG_WARN_ENUM_CONVERSION = YES;
				CLANG_WARN_INFINITE_RECURSION = YES;
				CLANG_WARN_INT_CONVERSION = YES;
				CLANG_WARN_NON_LITERAL_NULL_CONVERSION = YES;
				CLANG_WARN_OBJC_IMPLICIT_RETAIN_SELF = YES;
				CLANG_WARN_OBJC_LITERAL_CONVERSION = YES;
				CLANG_WARN_OBJC_ROOT_CLASS = YES_ERROR;
				CLANG_WARN_RANGE_LOOP_ANALYSIS = YES;
				CLANG_WARN_STRICT_PROTOTYPES = YES;
				CLANG_WARN_SUSPICIOUS_MOVE = YES;
				CLANG_WARN_UNGUARDED_AVAILABILITY = YES_AGGRESSIVE;
				CLANG_WARN_UNREACHABLE_CODE = YES;
				CLANG_WARN__DUPLICATE_METHOD_MATCH = YES;
				CODE_SIGN_IDENTITY = "iPhone Developer";
				COPY_PHASE_STRIP = NO;
				DEBUG_INFORMATION_FORMAT = dwarf;
				ENABLE_STRICT_OBJC_MSGSEND = YES;
				ENABLE_TESTABILITY = YES;
				GCC_C_LANGUAGE_STANDARD = gnu11;
				GCC_DYNAMIC_NO_PIC = NO;
				GCC_NO_COMMON_BLOCKS = YES;
				GCC_OPTIMIZATION_LEVEL = 0;
				GCC_PREPROCESSOR_DEFINITIONS = (
					"DEBUG=1",
					"$(inherited)",
				);
				GCC_WARN_64_TO_32_BIT_CONVERSION = YES;
				GCC_WARN_ABOUT_RETURN_TYPE = YES_ERROR;
				GCC_WARN_UNDECLARED_SELECTOR = YES;
				GCC_WARN_UNINITIALIZED_AUTOS = YES_AGGRESSIVE;
				GCC_WARN_UNUSED_FUNCTION = YES;
				GCC_WARN_UNUSED_VARIABLE = YES;
				IPHONEOS_DEPLOYMENT_TARGET = 12.0;
				MTL_ENABLE_DEBUG_INFO = INCLUDE_SOURCE;
				MTL_FAST_MATH = YES;
				ONLY_ACTIVE_ARCH = YES;
				SDKROOT = iphoneos;
				SWIFT_ACTIVE_COMPILATION_CONDITIONS = DEBUG;
				SWIFT_OPTIMIZATION_LEVEL = "-Onone";
			};
			name = Debug;
		};
		554E2DE221C7D02E005F4E15 /* Release */ = {
			isa = XCBuildConfiguration;
			buildSettings = {
				ALWAYS_SEARCH_USER_PATHS = NO;
				CLANG_ANALYZER_NONNULL = YES;
				CLANG_ANALYZER_NUMBER_OBJECT_CONVERSION = YES_AGGRESSIVE;
				CLANG_CXX_LANGUAGE_STANDARD = "gnu++14";
				CLANG_CXX_LIBRARY = "libc++";
				CLANG_ENABLE_MODULES = YES;
				CLANG_ENABLE_OBJC_ARC = YES;
				CLANG_ENABLE_OBJC_WEAK = YES;
				CLANG_WARN_BLOCK_CAPTURE_AUTORELEASING = YES;
				CLANG_WARN_BOOL_CONVERSION = YES;
				CLANG_WARN_COMMA = YES;
				CLANG_WARN_CONSTANT_CONVERSION = YES;
				CLANG_WARN_DEPRECATED_OBJC_IMPLEMENTATIONS = YES;
				CLANG_WARN_DIRECT_OBJC_ISA_USAGE = YES_ERROR;
				CLANG_WARN_DOCUMENTATION_COMMENTS = YES;
				CLANG_WARN_EMPTY_BODY = YES;
				CLANG_WARN_ENUM_CONVERSION = YES;
				CLANG_WARN_INFINITE_RECURSION = YES;
				CLANG_WARN_INT_CONVERSION = YES;
				CLANG_WARN_NON_LITERAL_NULL_CONVERSION = YES;
				CLANG_WARN_OBJC_IMPLICIT_RETAIN_SELF = YES;
				CLANG_WARN_OBJC_LITERAL_CONVERSION = YES;
				CLANG_WARN_OBJC_ROOT_CLASS = YES_ERROR;
				CLANG_WARN_RANGE_LOOP_ANALYSIS = YES;
				CLANG_WARN_STRICT_PROTOTYPES = YES;
				CLANG_WARN_SUSPICIOUS_MOVE = YES;
				CLANG_WARN_UNGUARDED_AVAILABILITY = YES_AGGRESSIVE;
				CLANG_WARN_UNREACHABLE_CODE = YES;
				CLANG_WARN__DUPLICATE_METHOD_MATCH = YES;
				CODE_SIGN_IDENTITY = "iPhone Developer";
				COPY_PHASE_STRIP = NO;
				DEBUG_INFORMATION_FORMAT = "dwarf-with-dsym";
				ENABLE_NS_ASSERTIONS = NO;
				ENABLE_STRICT_OBJC_MSGSEND = YES;
				GCC_C_LANGUAGE_STANDARD = gnu11;
				GCC_NO_COMMON_BLOCKS = YES;
				GCC_WARN_64_TO_32_BIT_CONVERSION = YES;
				GCC_WARN_ABOUT_RETURN_TYPE = YES_ERROR;
				GCC_WARN_UNDECLARED_SELECTOR = YES;
				GCC_WARN_UNINITIALIZED_AUTOS = YES_AGGRESSIVE;
				GCC_WARN_UNUSED_FUNCTION = YES;
				GCC_WARN_UNUSED_VARIABLE = YES;
				IPHONEOS_DEPLOYMENT_TARGET = 12.0;
				MTL_ENABLE_DEBUG_INFO = NO;
				MTL_FAST_MATH = YES;
				SDKROOT = iphoneos;
				SWIFT_COMPILATION_MODE = wholemodule;
				SWIFT_OPTIMIZATION_LEVEL = "-O";
				VALIDATE_PRODUCT = YES;
			};
			name = Release;
		};
		554E2DE421C7D02E005F4E15 /* Debug */ = {
			isa = XCBuildConfiguration;
			baseConfigurationReference = 17F7CBDBEEA4682FC6DBCD62 /* Pods-GifShow.debug.xcconfig */;
			buildSettings = {
				ASSETCATALOG_COMPILER_APPICON_NAME = AppIcon;
				CODE_SIGN_STYLE = Automatic;
				DEVELOPMENT_TEAM = PK4465EUG6;
				INFOPLIST_FILE = GifShow/Info.plist;
				LD_RUNPATH_SEARCH_PATHS = (
					"$(inherited)",
					"@executable_path/Frameworks",
				);
				PRODUCT_BUNDLE_IDENTIFIER = eu.abr.julio.GifShow;
				PRODUCT_NAME = "$(TARGET_NAME)";
				SWIFT_VERSION = 4.2;
				TARGETED_DEVICE_FAMILY = "1,2";
			};
			name = Debug;
		};
		554E2DE521C7D02E005F4E15 /* Release */ = {
			isa = XCBuildConfiguration;
			baseConfigurationReference = 1F6649CEC8DE335E0790B780 /* Pods-GifShow.release.xcconfig */;
			buildSettings = {
				ASSETCATALOG_COMPILER_APPICON_NAME = AppIcon;
				CODE_SIGN_STYLE = Automatic;
				DEVELOPMENT_TEAM = PK4465EUG6;
				INFOPLIST_FILE = GifShow/Info.plist;
				LD_RUNPATH_SEARCH_PATHS = (
					"$(inherited)",
					"@executable_path/Frameworks",
				);
				PRODUCT_BUNDLE_IDENTIFIER = eu.abr.julio.GifShow;
				PRODUCT_NAME = "$(TARGET_NAME)";
				SWIFT_VERSION = 4.2;
				TARGETED_DEVICE_FAMILY = "1,2";
			};
			name = Release;
		};
		554E2DE721C7D02E005F4E15 /* Debug */ = {
			isa = XCBuildConfiguration;
			baseConfigurationReference = EE08087CD97E1F95AB26DDBA /* Pods-GifShowTests.debug.xcconfig */;
			buildSettings = {
				ALWAYS_EMBED_SWIFT_STANDARD_LIBRARIES = YES;
				BUNDLE_LOADER = "$(TEST_HOST)";
				CODE_SIGN_STYLE = Automatic;
				DEVELOPMENT_TEAM = PK4465EUG6;
				INFOPLIST_FILE = GifShowTests/Info.plist;
				LD_RUNPATH_SEARCH_PATHS = (
					"$(inherited)",
					"@executable_path/Frameworks",
					"@loader_path/Frameworks",
				);
				PRODUCT_BUNDLE_IDENTIFIER = eu.abr.julio.gifshow.GifShowTests;
				PRODUCT_NAME = "$(TARGET_NAME)";
				SWIFT_VERSION = 4.2;
				TARGETED_DEVICE_FAMILY = "1,2";
				TEST_HOST = "$(BUILT_PRODUCTS_DIR)/GifShow.app/GifShow";
			};
			name = Debug;
		};
		554E2DE821C7D02E005F4E15 /* Release */ = {
			isa = XCBuildConfiguration;
			baseConfigurationReference = 5374E4BC22918926AAFBB30A /* Pods-GifShowTests.release.xcconfig */;
			buildSettings = {
				ALWAYS_EMBED_SWIFT_STANDARD_LIBRARIES = YES;
				BUNDLE_LOADER = "$(TEST_HOST)";
				CODE_SIGN_STYLE = Automatic;
				DEVELOPMENT_TEAM = PK4465EUG6;
				INFOPLIST_FILE = GifShowTests/Info.plist;
				LD_RUNPATH_SEARCH_PATHS = (
					"$(inherited)",
					"@executable_path/Frameworks",
					"@loader_path/Frameworks",
				);
				PRODUCT_BUNDLE_IDENTIFIER = eu.abr.julio.gifshow.GifShowTests;
				PRODUCT_NAME = "$(TARGET_NAME)";
				SWIFT_VERSION = 4.2;
				TARGETED_DEVICE_FAMILY = "1,2";
				TEST_HOST = "$(BUILT_PRODUCTS_DIR)/GifShow.app/GifShow";
			};
			name = Release;
		};
		554E2DEA21C7D02E005F4E15 /* Debug */ = {
			isa = XCBuildConfiguration;
			baseConfigurationReference = 3571115772081477FBE87EA1 /* Pods-GifShowUITests.debug.xcconfig */;
			buildSettings = {
				ALWAYS_EMBED_SWIFT_STANDARD_LIBRARIES = YES;
				CODE_SIGN_STYLE = Automatic;
				DEVELOPMENT_TEAM = PK4465EUG6;
				INFOPLIST_FILE = GifShowUITests/Info.plist;
				LD_RUNPATH_SEARCH_PATHS = (
					"$(inherited)",
					"@executable_path/Frameworks",
					"@loader_path/Frameworks",
				);
				PRODUCT_BUNDLE_IDENTIFIER = eu.abr.julio.gifshow.GifShowUITests;
				PRODUCT_NAME = "$(TARGET_NAME)";
				SWIFT_VERSION = 4.2;
				TARGETED_DEVICE_FAMILY = "1,2";
				TEST_TARGET_NAME = GifShow;
			};
			name = Debug;
		};
		554E2DEB21C7D02E005F4E15 /* Release */ = {
			isa = XCBuildConfiguration;
			baseConfigurationReference = 4FB75732ABAAB6A9E1BFA021 /* Pods-GifShowUITests.release.xcconfig */;
			buildSettings = {
				ALWAYS_EMBED_SWIFT_STANDARD_LIBRARIES = YES;
				CODE_SIGN_STYLE = Automatic;
				DEVELOPMENT_TEAM = PK4465EUG6;
				INFOPLIST_FILE = GifShowUITests/Info.plist;
				LD_RUNPATH_SEARCH_PATHS = (
					"$(inherited)",
					"@executable_path/Frameworks",
					"@loader_path/Frameworks",
				);
				PRODUCT_BUNDLE_IDENTIFIER = eu.abr.julio.gifshow.GifShowUITests;
				PRODUCT_NAME = "$(TARGET_NAME)";
				SWIFT_VERSION = 4.2;
				TARGETED_DEVICE_FAMILY = "1,2";
				TEST_TARGET_NAME = GifShow;
			};
			name = Release;
		};
/* End XCBuildConfiguration section */

/* Begin XCConfigurationList section */
		554E2DB621C7D02C005F4E15 /* Build configuration list for PBXProject "GifShow" */ = {
			isa = XCConfigurationList;
			buildConfigurations = (
				554E2DE121C7D02E005F4E15 /* Debug */,
				554E2DE221C7D02E005F4E15 /* Release */,
			);
			defaultConfigurationIsVisible = 0;
			defaultConfigurationName = Release;
		};
		554E2DE321C7D02E005F4E15 /* Build configuration list for PBXNativeTarget "GifShow" */ = {
			isa = XCConfigurationList;
			buildConfigurations = (
				554E2DE421C7D02E005F4E15 /* Debug */,
				554E2DE521C7D02E005F4E15 /* Release */,
			);
			defaultConfigurationIsVisible = 0;
			defaultConfigurationName = Release;
		};
		554E2DE621C7D02E005F4E15 /* Build configuration list for PBXNativeTarget "GifShowTests" */ = {
			isa = XCConfigurationList;
			buildConfigurations = (
				554E2DE721C7D02E005F4E15 /* Debug */,
				554E2DE821C7D02E005F4E15 /* Release */,
			);
			defaultConfigurationIsVisible = 0;
			defaultConfigurationName = Release;
		};
		554E2DE921C7D02E005F4E15 /* Build configuration list for PBXNativeTarget "GifShowUITests" */ = {
			isa = XCConfigurationList;
			buildConfigurations = (
				554E2DEA21C7D02E005F4E15 /* Debug */,
				554E2DEB21C7D02E005F4E15 /* Release */,
			);
			defaultConfigurationIsVisible = 0;
			defaultConfigurationName = Release;
		};
/* End XCConfigurationList section */
	};
	rootObject = 554E2DB321C7D02C005F4E15 /* Project object */;
}
